
Microsoft Visual Studio Solution File, Format Version 12.00
# Visual Studio Version 16
VisualStudioVersion = 16.0.30204.135
MinimumVisualStudioVersion = 10.0.40219.1
Project("{9A19103F-16F7-4668-BE54-9A1E7A4F7556}") = "WebApp1", "WebApp1\WebApp1.csproj", "{44AD0BF3-146A-4172-9D86-F56E64A18203}"
EndProject
Global
	GlobalSection(SolutionConfigurationPlatforms) = preSolution
		Debug|Any CPU = Debug|Any CPU
		Release|Any CPU = Release|Any CPU
	EndGlobalSection
	GlobalSection(ProjectConfigurationPlatforms) = postSolution
		{44AD0BF3-146A-4172-9D86-F56E64A18203}.Debug|Any CPU.ActiveCfg = Debug|Any CPU
		{44AD0BF3-146A-4172-9D86-F56E64A18203}.Debug|Any CPU.Build.0 = Debug|Any CPU
		{44AD0BF3-146A-4172-9D86-F56E64A18203}.Release|Any CPU.ActiveCfg = Release|Any CPU
		{44AD0BF3-146A-4172-9D86-F56E64A18203}.Release|Any CPU.Build.0 = Release|Any CPU
	EndGlobalSection
	GlobalSection(SolutionProperties) = preSolution
		HideSolutionNode = FALSE
	EndGlobalSection
	GlobalSection(ExtensibilityGlobals) = postSolution
		SolutionGuid = {B8CD145F-A1D9-4C31-997A-F0135C6323A8}
	EndGlobalSection
EndGlobal
